
Microsoft Visual Studio Solution File, Format Version 12.00
# Visual Studio 15
VisualStudioVersion = 15.0.28010.2003
MinimumVisualStudioVersion = 10.0.40219.1
Project("{FAE04EC0-301F-11D3-BF4B-00C04F79EFBC}") = "ContactUWP", "ContactUWP\ContactUWP.csproj", "{B7CADC34-0931-4912-A37C-9CADFD412CC2}"
EndProject
Project("{FAE04EC0-301F-11D3-BF4B-00C04F79EFBC}") = "Data", "Data\Data.csproj", "{FD9C5C55-6C4E-415F-B434-EA82254DF8ED}"
EndProject
Project("{FAE04EC0-301F-11D3-BF4B-00C04F79EFBC}") = "POCO", "POCO\POCO.csproj", "{7B57386F-35E0-472A-9F34-3B9A7273404B}"
EndProject
Project("{FAE04EC0-301F-11D3-BF4B-00C04F79EFBC}") = "Repository", "Repository\Repository.csproj", "{99E8BF16-753F-454D-8D93-2193159AB7A0}"
EndProject
Project("{2150E333-8FDC-42A3-9474-1A3956D46DE8}") = "Solution Items", "Solution Items", "{EB18D3D1-B818-40E8-AE29-0C8A77FFDF92}"
	ProjectSection(SolutionItems) = preProject
		CodeMe.txt = CodeMe.txt
		README.md = README.md
	EndProjectSection
EndProject
Global
	GlobalSection(SolutionConfigurationPlatforms) = preSolution
		Debug|Any CPU = Debug|Any CPU
		Debug|ARM = Debug|ARM
		Debug|x64 = Debug|x64
		Debug|x86 = Debug|x86
		Release|Any CPU = Release|Any CPU
		Release|ARM = Release|ARM
		Release|x64 = Release|x64
		Release|x86 = Release|x86
	EndGlobalSection
	GlobalSection(ProjectConfigurationPlatforms) = postSolution
		{B7CADC34-0931-4912-A37C-9CADFD412CC2}.Debug|Any CPU.ActiveCfg = Debug|x86
		{B7CADC34-0931-4912-A37C-9CADFD412CC2}.Debug|ARM.ActiveCfg = Debug|ARM
		{B7CADC34-0931-4912-A37C-9CADFD412CC2}.Debug|ARM.Build.0 = Debug|ARM
		{B7CADC34-0931-4912-A37C-9CADFD412CC2}.Debug|ARM.Deploy.0 = Debug|ARM
		{B7CADC34-0931-4912-A37C-9CADFD412CC2}.Debug|x64.ActiveCfg = Debug|x64
		{B7CADC34-0931-4912-A37C-9CADFD412CC2}.Debug|x64.Build.0 = Debug|x64
		{B7CADC34-0931-4912-A37C-9CADFD412CC2}.Debug|x64.Deploy.0 = Debug|x64
		{B7CADC34-0931-4912-A37C-9CADFD412CC2}.Debug|x86.ActiveCfg = Debug|x86
		{B7CADC34-0931-4912-A37C-9CADFD412CC2}.Debug|x86.Build.0 = Debug|x86
		{B7CADC34-0931-4912-A37C-9CADFD412CC2}.Debug|x86.Deploy.0 = Debug|x86
		{B7CADC34-0931-4912-A37C-9CADFD412CC2}.Release|Any CPU.ActiveCfg = Release|x86
		{B7CADC34-0931-4912-A37C-9CADFD412CC2}.Release|ARM.ActiveCfg = Release|ARM
		{B7CADC34-0931-4912-A37C-9CADFD412CC2}.Release|ARM.Build.0 = Release|ARM
		{B7CADC34-0931-4912-A37C-9CADFD412CC2}.Release|ARM.Deploy.0 = Release|ARM
		{B7CADC34-0931-4912-A37C-9CADFD412CC2}.Release|x64.ActiveCfg = Release|x64
		{B7CADC34-0931-4912-A37C-9CADFD412CC2}.Release|x64.Build.0 = Release|x64
		{B7CADC34-0931-4912-A37C-9CADFD412CC2}.Release|x64.Deploy.0 = Release|x64
		{B7CADC34-0931-4912-A37C-9CADFD412CC2}.Release|x86.ActiveCfg = Release|x86
		{B7CADC34-0931-4912-A37C-9CADFD412CC2}.Release|x86.Build.0 = Release|x86
		{B7CADC34-0931-4912-A37C-9CADFD412CC2}.Release|x86.Deploy.0 = Release|x86
		{FD9C5C55-6C4E-415F-B434-EA82254DF8ED}.Debug|Any CPU.ActiveCfg = Debug|Any CPU
		{FD9C5C55-6C4E-415F-B434-EA82254DF8ED}.Debug|Any CPU.Build.0 = Debug|Any CPU
		{FD9C5C55-6C4E-415F-B434-EA82254DF8ED}.Debug|ARM.ActiveCfg = Debug|ARM
		{FD9C5C55-6C4E-415F-B434-EA82254DF8ED}.Debug|ARM.Build.0 = Debug|ARM
		{FD9C5C55-6C4E-415F-B434-EA82254DF8ED}.Debug|x64.ActiveCfg = Debug|x64
		{FD9C5C55-6C4E-415F-B434-EA82254DF8ED}.Debug|x64.Build.0 = Debug|x64
		{FD9C5C55-6C4E-415F-B434-EA82254DF8ED}.Debug|x86.ActiveCfg = Debug|x86
		{FD9C5C55-6C4E-415F-B434-EA82254DF8ED}.Debug|x86.Build.0 = Debug|x86
		{FD9C5C55-6C4E-415F-B434-EA82254DF8ED}.Release|Any CPU.ActiveCfg = Release|Any CPU
		{FD9C5C55-6C4E-415F-B434-EA82254DF8ED}.Release|Any CPU.Build.0 = Release|Any CPU
		{FD9C5C55-6C4E-415F-B434-EA82254DF8ED}.Release|ARM.ActiveCfg = Release|ARM
		{FD9C5C55-6C4E-415F-B434-EA82254DF8ED}.Release|ARM.Build.0 = Release|ARM
		{FD9C5C55-6C4E-415F-B434-EA82254DF8ED}.Release|x64.ActiveCfg = Release|x64
		{FD9C5C55-6C4E-415F-B434-EA82254DF8ED}.Release|x64.Build.0 = Release|x64
		{FD9C5C55-6C4E-415F-B434-EA82254DF8ED}.Release|x86.ActiveCfg = Release|x86
		{FD9C5C55-6C4E-415F-B434-EA82254DF8ED}.Release|x86.Build.0 = Release|x86
		{7B57386F-35E0-472A-9F34-3B9A7273404B}.Debug|Any CPU.ActiveCfg = Debug|Any CPU
		{7B57386F-35E0-472A-9F34-3B9A7273404B}.Debug|Any CPU.Build.0 = Debug|Any CPU
		{7B57386F-35E0-472A-9F34-3B9A7273404B}.Debug|ARM.ActiveCfg = Debug|ARM
		{7B57386F-35E0-472A-9F34-3B9A7273404B}.Debug|ARM.Build.0 = Debug|ARM
		{7B57386F-35E0-472A-9F34-3B9A7273404B}.Debug|x64.ActiveCfg = Debug|x64
		{7B57386F-35E0-472A-9F34-3B9A7273404B}.Debug|x64.Build.0 = Debug|x64
		{7B57386F-35E0-472A-9F34-3B9A7273404B}.Debug|x86.ActiveCfg = Debug|x86
		{7B57386F-35E0-472A-9F34-3B9A7273404B}.Debug|x86.Build.0 = Debug|x86
		{7B57386F-35E0-472A-9F34-3B9A7273404B}.Release|Any CPU.ActiveCfg = Release|Any CPU
		{7B57386F-35E0-472A-9F34-3B9A7273404B}.Release|Any CPU.Build.0 = Release|Any CPU
		{7B57386F-35E0-472A-9F34-3B9A7273404B}.Release|ARM.ActiveCfg = Release|ARM
		{7B57386F-35E0-472A-9F34-3B9A7273404B}.Release|ARM.Build.0 = Release|ARM
		{7B57386F-35E0-472A-9F34-3B9A7273404B}.Release|x64.ActiveCfg = Release|x64
		{7B57386F-35E0-472A-9F34-3B9A7273404B}.Release|x64.Build.0 = Release|x64
		{7B57386F-35E0-472A-9F34-3B9A7273404B}.Release|x86.ActiveCfg = Release|x86
		{7B57386F-35E0-472A-9F34-3B9A7273404B}.Release|x86.Build.0 = Release|x86
		{99E8BF16-753F-454D-8D93-2193159AB7A0}.Debug|Any CPU.ActiveCfg = Debug|Any CPU
		{99E8BF16-753F-454D-8D93-2193159AB7A0}.Debug|Any CPU.Build.0 = Debug|Any CPU
		{99E8BF16-753F-454D-8D93-2193159AB7A0}.Debug|ARM.ActiveCfg = Debug|ARM
		{99E8BF16-753F-454D-8D93-2193159AB7A0}.Debug|ARM.Build.0 = Debug|ARM
		{99E8BF16-753F-454D-8D93-2193159AB7A0}.Debug|x64.ActiveCfg = Debug|x64
		{99E8BF16-753F-454D-8D93-2193159AB7A0}.Debug|x64.Build.0 = Debug|x64
		{99E8BF16-753F-454D-8D93-2193159AB7A0}.Debug|x86.ActiveCfg = Debug|x86
		{99E8BF16-753F-454D-8D93-2193159AB7A0}.Debug|x86.Build.0 = Debug|x86
		{99E8BF16-753F-454D-8D93-2193159AB7A0}.Release|Any CPU.ActiveCfg = Release|Any CPU
		{99E8BF16-753F-454D-8D93-2193159AB7A0}.Release|Any CPU.Build.0 = Release|Any CPU
		{99E8BF16-753F-454D-8D93-2193159AB7A0}.Release|ARM.ActiveCfg = Release|ARM
		{99E8BF16-753F-454D-8D93-2193159AB7A0}.Release|ARM.Build.0 = Release|ARM
		{99E8BF16-753F-454D-8D93-2193159AB7A0}.Release|x64.ActiveCfg = Release|x64
		{99E8BF16-753F-454D-8D93-2193159AB7A0}.Release|x64.Build.0 = Release|x64
		{99E8BF16-753F-454D-8D93-2193159AB7A0}.Release|x86.ActiveCfg = Release|x86
		{99E8BF16-753F-454D-8D93-2193159AB7A0}.Release|x86.Build.0 = Release|x86
	EndGlobalSection
	GlobalSection(SolutionProperties) = preSolution
		HideSolutionNode = FALSE
	EndGlobalSection
	GlobalSection(ExtensibilityGlobals) = postSolution
		SolutionGuid = {D1EF6DBB-7789-4A49-A35A-0F0B493AC578}
	EndGlobalSection
EndGlobal
